// !$*UTF8*$!
{
	archiveVersion = 1;
	classes = {
	};
	objectVersion = 46;
	objects = {

/* Begin PBXBuildFile section */
		F0AEDC541CBD879E00EE414A /* AppDelegate.swift in Sources */ = {isa = PBXBuildFile; fileRef = F0AEDC531CBD879E00EE414A /* AppDelegate.swift */; };
		F0AEDC561CBD879E00EE414A /* TimerViewController.swift in Sources */ = {isa = PBXBuildFile; fileRef = F0AEDC551CBD879E00EE414A /* TimerViewController.swift */; };
		F0AEDC591CBD879E00EE414A /* Main.storyboard in Resources */ = {isa = PBXBuildFile; fileRef = F0AEDC571CBD879E00EE414A /* Main.storyboard */; };
		F0AEDC5B1CBD879E00EE414A /* Assets.xcassets in Resources */ = {isa = PBXBuildFile; fileRef = F0AEDC5A1CBD879E00EE414A /* Assets.xcassets */; };
		F0AEDC5E1CBD879E00EE414A /* LaunchScreen.storyboard in Resources */ = {isa = PBXBuildFile; fileRef = F0AEDC5C1CBD879E00EE414A /* LaunchScreen.storyboard */; };
		F0AEDC661CBD88C100EE414A /* AlarmViewController.swift in Sources */ = {isa = PBXBuildFile; fileRef = F0AEDC651CBD88C100EE414A /* AlarmViewController.swift */; };
		F0AEDC681CBD893B00EE414A /* Alarm.swift in Sources */ = {isa = PBXBuildFile; fileRef = F0AEDC671CBD893B00EE414A /* Alarm.swift */; };
/* End PBXBuildFile section */

/* Begin PBXFileReference section */
		F0AEDC501CBD879E00EE414A /* Alarm.app */ = {isa = PBXFileReference; explicitFileType = wrapper.application; includeInIndex = 0; path = Alarm.app; sourceTree = BUILT_PRODUCTS_DIR; };
		F0AEDC531CBD879E00EE414A /* AppDelegate.swift */ = {isa = PBXFileReference; lastKnownFileType = sourcecode.swift; path = AppDelegate.swift; sourceTree = "<group>"; };
		F0AEDC551CBD879E00EE414A /* TimerViewController.swift */ = {isa = PBXFileReference; lastKnownFileType = sourcecode.swift; path = TimerViewController.swift; sourceTree = "<group>"; };
		F0AEDC581CBD879E00EE414A /* Base */ = {isa = PBXFileReference; lastKnownFileType = file.storyboard; name = Base; path = Base.lproj/Main.storyboard; sourceTree = "<group>"; };
		F0AEDC5A1CBD879E00EE414A /* Assets.xcassets */ = {isa = PBXFileReference; lastKnownFileType = folder.assetcatalog; path = Assets.xcassets; sourceTree = "<group>"; };
		F0AEDC5D1CBD879E00EE414A /* Base */ = {isa = PBXFileReference; lastKnownFileType = file.storyboard; name = Base; path = Base.lproj/LaunchScreen.storyboard; sourceTree = "<group>"; };
		F0AEDC5F1CBD879E00EE414A /* Info.plist */ = {isa = PBXFileReference; lastKnownFileType = text.plist.xml; path = Info.plist; sourceTree = "<group>"; };
		F0AEDC651CBD88C100EE414A /* AlarmViewController.swift */ = {isa = PBXFileReference; fileEncoding = 4; lastKnownFileType = sourcecode.swift; path = AlarmViewController.swift; sourceTree = "<group>"; };
		F0AEDC671CBD893B00EE414A /* Alarm.swift */ = {isa = PBXFileReference; fileEncoding = 4; lastKnownFileType = sourcecode.swift; path = Alarm.swift; sourceTree = "<group>"; };
/* End PBXFileReference section */

/* Begin PBXFrameworksBuildPhase section */
		F0AEDC4D1CBD879E00EE414A /* Frameworks */ = {
			isa = PBXFrameworksBuildPhase;
			buildActionMask = 2147483647;
			files = (
			);
			runOnlyForDeploymentPostprocessing = 0;
		};
/* End PBXFrameworksBuildPhase section */

/* Begin PBXGroup section */
		F0AEDC471CBD879E00EE414A = {
			isa = PBXGroup;
			children = (
				F0AEDC521CBD879E00EE414A /* Alarm */,
				F0AEDC511CBD879E00EE414A /* Products */,
			);
			sourceTree = "<group>";
		};
		F0AEDC511CBD879E00EE414A /* Products */ = {
			isa = PBXGroup;
			children = (
				F0AEDC501CBD879E00EE414A /* Alarm.app */,
			);
			name = Products;
			sourceTree = "<group>";
		};
		F0AEDC521CBD879E00EE414A /* Alarm */ = {
			isa = PBXGroup;
			children = (
				F0AEDC531CBD879E00EE414A /* AppDelegate.swift */,
				F0AEDC571CBD879E00EE414A /* Main.storyboard */,
				F0AEDC551CBD879E00EE414A /* TimerViewController.swift */,
				F0AEDC651CBD88C100EE414A /* AlarmViewController.swift */,
				F0AEDC671CBD893B00EE414A /* Alarm.swift */,
				F0AEDC5A1CBD879E00EE414A /* Assets.xcassets */,
				F0AEDC5C1CBD879E00EE414A /* LaunchScreen.storyboard */,
				F0AEDC5F1CBD879E00EE414A /* Info.plist */,
			);
			path = Alarm;
			sourceTree = "<group>";
		};
/* End PBXGroup section */

/* Begin PBXNativeTarget section */
		F0AEDC4F1CBD879E00EE414A /* Alarm */ = {
			isa = PBXNativeTarget;
			buildConfigurationList = F0AEDC621CBD879E00EE414A /* Build configuration list for PBXNativeTarget "Alarm" */;
			buildPhases = (
				F0AEDC4C1CBD879E00EE414A /* Sources */,
				F0AEDC4D1CBD879E00EE414A /* Frameworks */,
				F0AEDC4E1CBD879E00EE414A /* Resources */,
			);
			buildRules = (
			);
			dependencies = (
			);
			name = Alarm;
			productName = Alarm;
			productReference = F0AEDC501CBD879E00EE414A /* Alarm.app */;
			productType = "com.apple.product-type.application";
		};
/* End PBXNativeTarget section */

/* Begin PBXProject section */
		F0AEDC481CBD879E00EE414A /* Project object */ = {
			isa = PBXProject;
			attributes = {
				LastSwiftUpdateCheck = 0730;
				LastUpgradeCheck = 0730;
				ORGANIZATIONNAME = "Gibson Smiley";
				TargetAttributes = {
					F0AEDC4F1CBD879E00EE414A = {
						CreatedOnToolsVersion = 7.3;
					};
				};
			};
			buildConfigurationList = F0AEDC4B1CBD879E00EE414A /* Build configuration list for PBXProject "Alarm" */;
			compatibilityVersion = "Xcode 3.2";
			developmentRegion = English;
			hasScannedForEncodings = 0;
			knownRegions = (
				en,
				Base,
			);
			mainGroup = F0AEDC471CBD879E00EE414A;
			productRefGroup = F0AEDC511CBD879E00EE414A /* Products */;
			projectDirPath = "";
			projectRoot = "";
			targets = (
				F0AEDC4F1CBD879E00EE414A /* Alarm */,
			);
		};
/* End PBXProject section */

/* Begin PBXResourcesBuildPhase section */
		F0AEDC4E1CBD879E00EE414A /* Resources */ = {
			isa = PBXResourcesBuildPhase;
			buildActionMask = 2147483647;
			files = (
				F0AEDC5E1CBD879E00EE414A /* LaunchScreen.storyboard in Resources */,
				F0AEDC5B1CBD879E00EE414A /* Assets.xcassets in Resources */,
				F0AEDC591CBD879E00EE414A /* Main.storyboard in Resources */,
			);
			runOnlyForDeploymentPostprocessing = 0;
		};
/* End PBXResourcesBuildPhase section */

/* Begin PBXSourcesBuildPhase section */
		F0AEDC4C1CBD879E00EE414A /* Sources */ = {
			isa = PBXSourcesBuildPhase;
			buildActionMask = 2147483647;
			files = (
				F0AEDC561CBD879E00EE414A /* TimerViewController.swift in Sources */,
				F0AEDC541CBD879E00EE414A /* AppDelegate.swift in Sources */,
				F0AEDC661CBD88C100EE414A /* AlarmViewController.swift in Sources */,
				F0AEDC681CBD893B00EE414A /* Alarm.swift in Sources */,
			);
			runOnlyForDeploymentPostprocessing = 0;
		};
/* End PBXSourcesBuildPhase section */

/* Begin PBXVariantGroup section */
		F0AEDC571CBD879E00EE414A /* Main.storyboard */ = {
			isa = PBXVariantGroup;
			children = (
				F0AEDC581CBD879E00EE414A /* Base */,
			);
			name = Main.storyboard;
			sourceTree = "<group>";
		};
		F0AEDC5C1CBD879E00EE414A /* LaunchScreen.storyboard */ = {
			isa = PBXVariantGroup;
			children = (
				F0AEDC5D1CBD879E00EE414A /* Base */,
			);
			name = LaunchScreen.storyboard;
			sourceTree = "<group>";
		};
/* End PBXVariantGroup section */

/* Begin XCBuildConfiguration section */
		F0AEDC601CBD879E00EE414A /* Debug */ = {
			isa = XCBuildConfiguration;
			buildSettings = {
				ALWAYS_SEARCH_USER_PATHS = NO;
				CLANG_ANALYZER_NONNULL = YES;
				CLANG_CXX_LANGUAGE_STANDARD = "gnu++0x";
				CLANG_CXX_LIBRARY = "libc++";
				CLANG_ENABLE_MODULES = YES;
				CLANG_ENABLE_OBJC_ARC = YES;
				CLANG_WARN_BOOL_CONVERSION = YES;
				CLANG_WARN_CONSTANT_CONVERSION = YES;
				CLANG_WARN_DIRECT_OBJC_ISA_USAGE = YES_ERROR;
				CLANG_WARN_EMPTY_BODY = YES;
				CLANG_WARN_ENUM_CONVERSION = YES;
				CLANG_WARN_INT_CONVERSION = YES;
				CLANG_WARN_OBJC_ROOT_CLASS = YES_ERROR;
				CLANG_WARN_UNREACHABLE_CODE = YES;
				CLANG_WARN__DUPLICATE_METHOD_MATCH = YES;
				"CODE_SIGN_IDENTITY[sdk=iphoneos*]" = "iPhone Developer";
				COPY_PHASE_STRIP = NO;
				DEBUG_INFORMATION_FORMAT = dwarf;
				ENABLE_STRICT_OBJC_MSGSEND = YES;
				ENABLE_TESTABILITY = YES;
				GCC_C_LANGUAGE_STANDARD = gnu99;
				GCC_DYNAMIC_NO_PIC = NO;
				GCC_NO_COMMON_BLOCKS = YES;
				GCC_OPTIMIZATION_LEVEL = 0;
				GCC_PREPROCESSOR_DEFINITIONS = (
					"DEBUG=1",
					"$(inherited)",
				);
				GCC_WARN_64_TO_32_BIT_CONVERSION = YES;
				GCC_WARN_ABOUT_RETURN_TYPE = YES_ERROR;
				GCC_WARN_UNDECLARED_SELECTOR = YES;
				GCC_WARN_UNINITIALIZED_AUTOS = YES_AGGRESSIVE;
				GCC_WARN_UNUSED_FUNCTION = YES;
				GCC_WARN_UNUSED_VARIABLE = YES;
				IPHONEOS_DEPLOYMENT_TARGET = 9.3;
				MTL_ENABLE_DEBUG_INFO = YES;
				ONLY_ACTIVE_ARCH = YES;
				SDKROOT = iphoneos;
				SWIFT_OPTIMIZATION_LEVEL = "-Onone";
				TARGETED_DEVICE_FAMILY = "1,2";
			};
			name = Debug;
		};
		F0AEDC611CBD879E00EE414A /* Release */ = {
			isa = XCBuildConfiguration;
			buildSettings = {
				ALWAYS_SEARCH_USER_PATHS = NO;
				CLANG_ANALYZER_NONNULL = YES;
				CLANG_CXX_LANGUAGE_STANDARD = "gnu++0x";
				CLANG_CXX_LIBRARY = "libc++";
				CLANG_ENABLE_MODULES = YES;
				CLANG_ENABLE_OBJC_ARC = YES;
				CLANG_WARN_BOOL_CONVERSION = YES;
				CLANG_WARN_CONSTANT_CONVERSION = YES;
				CLANG_WARN_DIRECT_OBJC_ISA_USAGE = YES_ERROR;
				CLANG_WARN_EMPTY_BODY = YES;
				CLANG_WARN_ENUM_CONVERSION = YES;
				CLANG_WARN_INT_CONVERSION = YES;
				CLANG_WARN_OBJC_ROOT_CLASS = YES_ERROR;
				CLANG_WARN_UNREACHABLE_CODE = YES;
				CLANG_WARN__DUPLICATE_METHOD_MATCH = YES;
				"CODE_SIGN_IDENTITY[sdk=iphoneos*]" = "iPhone Developer";
				COPY_PHASE_STRIP = NO;
				DEBUG_INFORMATION_FORMAT = "dwarf-with-dsym";
				ENABLE_NS_ASSERTIONS = NO;
				ENABLE_STRICT_OBJC_MSGSEND = YES;
				GCC_C_LANGUAGE_STANDARD = gnu99;
				GCC_NO_COMMON_BLOCKS = YES;
				GCC_WARN_64_TO_32_BIT_CONVERSION = YES;
				GCC_WARN_ABOUT_RETURN_TYPE = YES_ERROR;
				GCC_WARN_UNDECLARED_SELECTOR = YES;
				GCC_WARN_UNINITIALIZED_AUTOS = YES_AGGRESSIVE;
				GCC_WARN_UNUSED_FUNCTION = YES;
				GCC_WARN_UNUSED_VARIABLE = YES;
				IPHONEOS_DEPLOYMENT_TARGET = 9.3;
				MTL_ENABLE_DEBUG_INFO = NO;
				SDKROOT = iphoneos;
				TARGETED_DEVICE_FAMILY = "1,2";
				VALIDATE_PRODUCT = YES;
			};
			name = Release;
		};
		F0AEDC631CBD879E00EE414A /* Debug */ = {
			isa = XCBuildConfiguration;
			buildSettings = {
				ASSETCATALOG_COMPILER_APPICON_NAME = AppIcon;
				INFOPLIST_FILE = Alarm/Info.plist;
				LD_RUNPATH_SEARCH_PATHS = "$(inherited) @executable_path/Frameworks";
				PRODUCT_BUNDLE_IDENTIFIER = com.gibsonsmiley.Alarm;
				PRODUCT_NAME = "$(TARGET_NAME)";
			};
			name = Debug;
		};
		F0AEDC641CBD879E00EE414A /* Release */ = {
			isa = XCBuildConfiguration;
			buildSettings = {
				ASSETCATALOG_COMPILER_APPICON_NAME = AppIcon;
				INFOPLIST_FILE = Alarm/Info.plist;
				LD_RUNPATH_SEARCH_PATHS = "$(inherited) @executable_path/Frameworks";
				PRODUCT_BUNDLE_IDENTIFIER = com.gibsonsmiley.Alarm;
				PRODUCT_NAME = "$(TARGET_NAME)";
			};
			name = Release;
		};
/* End XCBuildConfiguration section */

/* Begin XCConfigurationList section */
		F0AEDC4B1CBD879E00EE414A /* Build configuration list for PBXProject "Alarm" */ = {
			isa = XCConfigurationList;
			buildConfigurations = (
				F0AEDC601CBD879E00EE414A /* Debug */,
				F0AEDC611CBD879E00EE414A /* Release */,
			);
			defaultConfigurationIsVisible = 0;
			defaultConfigurationName = Release;
		};
		F0AEDC621CBD879E00EE414A /* Build configuration list for PBXNativeTarget "Alarm" */ = {
			isa = XCConfigurationList;
			buildConfigurations = (
				F0AEDC631CBD879E00EE414A /* Debug */,
				F0AEDC641CBD879E00EE414A /* Release */,
			);
			defaultConfigurationIsVisible = 0;
		};
/* End XCConfigurationList section */
	};
	rootObject = F0AEDC481CBD879E00EE414A /* Project object */;
}
